// !$*UTF8*$!
{
	archiveVersion = 1;
	classes = {
	};
	objectVersion = 50;
	objects = {

/* Begin PBXBuildFile section */
		AE6E16192136B89700991A5E /* AppDelegate.swift in Sources */ = {isa = PBXBuildFile; fileRef = AE6E16182136B89700991A5E /* AppDelegate.swift */; };
		AE6E161B2136B89700991A5E /* ViewController.swift in Sources */ = {isa = PBXBuildFile; fileRef = AE6E161A2136B89700991A5E /* ViewController.swift */; };
		AE6E161E2136B89700991A5E /* Main.storyboard in Resources */ = {isa = PBXBuildFile; fileRef = AE6E161C2136B89700991A5E /* Main.storyboard */; };
		AE6E16202136B89900991A5E /* Assets.xcassets in Resources */ = {isa = PBXBuildFile; fileRef = AE6E161F2136B89900991A5E /* Assets.xcassets */; };
		AE6E16232136B89900991A5E /* LaunchScreen.storyboard in Resources */ = {isa = PBXBuildFile; fileRef = AE6E16212136B89900991A5E /* LaunchScreen.storyboard */; };
		AE6E162E2136B89900991A5E /* JenkTest2018Tests.swift in Sources */ = {isa = PBXBuildFile; fileRef = AE6E162D2136B89900991A5E /* JenkTest2018Tests.swift */; };
		AE6E16392136B89900991A5E /* JenkTest2018UITests.swift in Sources */ = {isa = PBXBuildFile; fileRef = AE6E16382136B89900991A5E /* JenkTest2018UITests.swift */; };
/* End PBXBuildFile section */

/* Begin PBXContainerItemProxy section */
		AE6E162A2136B89900991A5E /* PBXContainerItemProxy */ = {
			isa = PBXContainerItemProxy;
			containerPortal = AE6E160D2136B89600991A5E /* Project object */;
			proxyType = 1;
			remoteGlobalIDString = AE6E16142136B89700991A5E;
			remoteInfo = JenkTest2018;
		};
		AE6E16352136B89900991A5E /* PBXContainerItemProxy */ = {
			isa = PBXContainerItemProxy;
			containerPortal = AE6E160D2136B89600991A5E /* Project object */;
			proxyType = 1;
			remoteGlobalIDString = AE6E16142136B89700991A5E;
			remoteInfo = JenkTest2018;
		};
/* End PBXContainerItemProxy section */

/* Begin PBXFileReference section */
		AE6E16152136B89700991A5E /* JenkTest2018.app */ = {isa = PBXFileReference; explicitFileType = wrapper.application; includeInIndex = 0; path = JenkTest2018.app; sourceTree = BUILT_PRODUCTS_DIR; };
		AE6E16182136B89700991A5E /* AppDelegate.swift */ = {isa = PBXFileReference; lastKnownFileType = sourcecode.swift; path = AppDelegate.swift; sourceTree = "<group>"; };
		AE6E161A2136B89700991A5E /* ViewController.swift */ = {isa = PBXFileReference; lastKnownFileType = sourcecode.swift; path = ViewController.swift; sourceTree = "<group>"; };
		AE6E161D2136B89700991A5E /* Base */ = {isa = PBXFileReference; lastKnownFileType = file.storyboard; name = Base; path = Base.lproj/Main.storyboard; sourceTree = "<group>"; };
		AE6E161F2136B89900991A5E /* Assets.xcassets */ = {isa = PBXFileReference; lastKnownFileType = folder.assetcatalog; path = Assets.xcassets; sourceTree = "<group>"; };
		AE6E16222136B89900991A5E /* Base */ = {isa = PBXFileReference; lastKnownFileType = file.storyboard; name = Base; path = Base.lproj/LaunchScreen.storyboard; sourceTree = "<group>"; };
		AE6E16242136B89900991A5E /* Info.plist */ = {isa = PBXFileReference; lastKnownFileType = text.plist.xml; path = Info.plist; sourceTree = "<group>"; };
		AE6E16292136B89900991A5E /* JenkTest2018Tests.xctest */ = {isa = PBXFileReference; explicitFileType = wrapper.cfbundle; includeInIndex = 0; path = JenkTest2018Tests.xctest; sourceTree = BUILT_PRODUCTS_DIR; };
		AE6E162D2136B89900991A5E /* JenkTest2018Tests.swift */ = {isa = PBXFileReference; lastKnownFileType = sourcecode.swift; path = JenkTest2018Tests.swift; sourceTree = "<group>"; };
		AE6E162F2136B89900991A5E /* Info.plist */ = {isa = PBXFileReference; lastKnownFileType = text.plist.xml; path = Info.plist; sourceTree = "<group>"; };
		AE6E16342136B89900991A5E /* JenkTest2018UITests.xctest */ = {isa = PBXFileReference; explicitFileType = wrapper.cfbundle; includeInIndex = 0; path = JenkTest2018UITests.xctest; sourceTree = BUILT_PRODUCTS_DIR; };
		AE6E16382136B89900991A5E /* JenkTest2018UITests.swift */ = {isa = PBXFileReference; lastKnownFileType = sourcecode.swift; path = JenkTest2018UITests.swift; sourceTree = "<group>"; };
		AE6E163A2136B89900991A5E /* Info.plist */ = {isa = PBXFileReference; lastKnownFileType = text.plist.xml; path = Info.plist; sourceTree = "<group>"; };
/* End PBXFileReference section */

/* Begin PBXFrameworksBuildPhase section */
		AE6E16122136B89700991A5E /* Frameworks */ = {
			isa = PBXFrameworksBuildPhase;
			buildActionMask = 2147483647;
			files = (
			);
			runOnlyForDeploymentPostprocessing = 0;
		};
		AE6E16262136B89900991A5E /* Frameworks */ = {
			isa = PBXFrameworksBuildPhase;
			buildActionMask = 2147483647;
			files = (
			);
			runOnlyForDeploymentPostprocessing = 0;
		};
		AE6E16312136B89900991A5E /* Frameworks */ = {
			isa = PBXFrameworksBuildPhase;
			buildActionMask = 2147483647;
			files = (
			);
			runOnlyForDeploymentPostprocessing = 0;
		};
/* End PBXFrameworksBuildPhase section */

/* Begin PBXGroup section */
		AE6E160C2136B89600991A5E = {
			isa = PBXGroup;
			children = (
				AE6E16172136B89700991A5E /* JenkTest2018 */,
				AE6E162C2136B89900991A5E /* JenkTest2018Tests */,
				AE6E16372136B89900991A5E /* JenkTest2018UITests */,
				AE6E16162136B89700991A5E /* Products */,
			);
			sourceTree = "<group>";
		};
		AE6E16162136B89700991A5E /* Products */ = {
			isa = PBXGroup;
			children = (
				AE6E16152136B89700991A5E /* JenkTest2018.app */,
				AE6E16292136B89900991A5E /* JenkTest2018Tests.xctest */,
				AE6E16342136B89900991A5E /* JenkTest2018UITests.xctest */,
			);
			name = Products;
			sourceTree = "<group>";
		};
		AE6E16172136B89700991A5E /* JenkTest2018 */ = {
			isa = PBXGroup;
			children = (
				AE6E16182136B89700991A5E /* AppDelegate.swift */,
				AE6E161A2136B89700991A5E /* ViewController.swift */,
				AE6E161C2136B89700991A5E /* Main.storyboard */,
				AE6E161F2136B89900991A5E /* Assets.xcassets */,
				AE6E16212136B89900991A5E /* LaunchScreen.storyboard */,
				AE6E16242136B89900991A5E /* Info.plist */,
			);
			path = JenkTest2018;
			sourceTree = "<group>";
		};
		AE6E162C2136B89900991A5E /* JenkTest2018Tests */ = {
			isa = PBXGroup;
			children = (
				AE6E162D2136B89900991A5E /* JenkTest2018Tests.swift */,
				AE6E162F2136B89900991A5E /* Info.plist */,
			);
			path = JenkTest2018Tests;
			sourceTree = "<group>";
		};
		AE6E16372136B89900991A5E /* JenkTest2018UITests */ = {
			isa = PBXGroup;
			children = (
				AE6E16382136B89900991A5E /* JenkTest2018UITests.swift */,
				AE6E163A2136B89900991A5E /* Info.plist */,
			);
			path = JenkTest2018UITests;
			sourceTree = "<group>";
		};
/* End PBXGroup section */

/* Begin PBXNativeTarget section */
		AE6E16142136B89700991A5E /* JenkTest2018 */ = {
			isa = PBXNativeTarget;
			buildConfigurationList = AE6E163D2136B89900991A5E /* Build configuration list for PBXNativeTarget "JenkTest2018" */;
			buildPhases = (
				AE6E16112136B89700991A5E /* Sources */,
				AE6E16122136B89700991A5E /* Frameworks */,
				AE6E16132136B89700991A5E /* Resources */,
			);
			buildRules = (
			);
			dependencies = (
			);
			name = JenkTest2018;
			productName = JenkTest2018;
			productReference = AE6E16152136B89700991A5E /* JenkTest2018.app */;
			productType = "com.apple.product-type.application";
		};
		AE6E16282136B89900991A5E /* JenkTest2018Tests */ = {
			isa = PBXNativeTarget;
			buildConfigurationList = AE6E16402136B89900991A5E /* Build configuration list for PBXNativeTarget "JenkTest2018Tests" */;
			buildPhases = (
				AE6E16252136B89900991A5E /* Sources */,
				AE6E16262136B89900991A5E /* Frameworks */,
				AE6E16272136B89900991A5E /* Resources */,
			);
			buildRules = (
			);
			dependencies = (
				AE6E162B2136B89900991A5E /* PBXTargetDependency */,
			);
			name = JenkTest2018Tests;
			productName = JenkTest2018Tests;
			productReference = AE6E16292136B89900991A5E /* JenkTest2018Tests.xctest */;
			productType = "com.apple.product-type.bundle.unit-test";
		};
		AE6E16332136B89900991A5E /* JenkTest2018UITests */ = {
			isa = PBXNativeTarget;
			buildConfigurationList = AE6E16432136B89900991A5E /* Build configuration list for PBXNativeTarget "JenkTest2018UITests" */;
			buildPhases = (
				AE6E16302136B89900991A5E /* Sources */,
				AE6E16312136B89900991A5E /* Frameworks */,
				AE6E16322136B89900991A5E /* Resources */,
			);
			buildRules = (
			);
			dependencies = (
				AE6E16362136B89900991A5E /* PBXTargetDependency */,
			);
			name = JenkTest2018UITests;
			productName = JenkTest2018UITests;
			productReference = AE6E16342136B89900991A5E /* JenkTest2018UITests.xctest */;
			productType = "com.apple.product-type.bundle.ui-testing";
		};
/* End PBXNativeTarget section */

/* Begin PBXProject section */
		AE6E160D2136B89600991A5E /* Project object */ = {
			isa = PBXProject;
			attributes = {
				LastSwiftUpdateCheck = 0940;
				LastUpgradeCheck = 0940;
				ORGANIZATIONNAME = Yi;
				TargetAttributes = {
					AE6E16142136B89700991A5E = {
						CreatedOnToolsVersion = 9.4.1;
					};
					AE6E16282136B89900991A5E = {
						CreatedOnToolsVersion = 9.4.1;
						TestTargetID = AE6E16142136B89700991A5E;
					};
					AE6E16332136B89900991A5E = {
						CreatedOnToolsVersion = 9.4.1;
						TestTargetID = AE6E16142136B89700991A5E;
					};
				};
			};
			buildConfigurationList = AE6E16102136B89600991A5E /* Build configuration list for PBXProject "JenkTest2018" */;
			compatibilityVersion = "Xcode 9.3";
			developmentRegion = en;
			hasScannedForEncodings = 0;
			knownRegions = (
				en,
				Base,
			);
			mainGroup = AE6E160C2136B89600991A5E;
			productRefGroup = AE6E16162136B89700991A5E /* Products */;
			projectDirPath = "";
			projectRoot = "";
			targets = (
				AE6E16142136B89700991A5E /* JenkTest2018 */,
				AE6E16282136B89900991A5E /* JenkTest2018Tests */,
				AE6E16332136B89900991A5E /* JenkTest2018UITests */,
			);
		};
/* End PBXProject section */

/* Begin PBXResourcesBuildPhase section */
		AE6E16132136B89700991A5E /* Resources */ = {
			isa = PBXResourcesBuildPhase;
			buildActionMask = 2147483647;
			files = (
				AE6E16232136B89900991A5E /* LaunchScreen.storyboard in Resources */,
				AE6E16202136B89900991A5E /* Assets.xcassets in Resources */,
				AE6E161E2136B89700991A5E /* Main.storyboard in Resources */,
			);
			runOnlyForDeploymentPostprocessing = 0;
		};
		AE6E16272136B89900991A5E /* Resources */ = {
			isa = PBXResourcesBuildPhase;
			buildActionMask = 2147483647;
			files = (
			);
			runOnlyForDeploymentPostprocessing = 0;
		};
		AE6E16322136B89900991A5E /* Resources */ = {
			isa = PBXResourcesBuildPhase;
			buildActionMask = 2147483647;
			files = (
			);
			runOnlyForDeploymentPostprocessing = 0;
		};
/* End PBXResourcesBuildPhase section */

/* Begin PBXSourcesBuildPhase section */
		AE6E16112136B89700991A5E /* Sources */ = {
			isa = PBXSourcesBuildPhase;
			buildActionMask = 2147483647;
			files = (
				AE6E161B2136B89700991A5E /* ViewController.swift in Sources */,
				AE6E16192136B89700991A5E /* AppDelegate.swift in Sources */,
			);
			runOnlyForDeploymentPostprocessing = 0;
		};
		AE6E16252136B89900991A5E /* Sources */ = {
			isa = PBXSourcesBuildPhase;
			buildActionMask = 2147483647;
			files = (
				AE6E162E2136B89900991A5E /* JenkTest2018Tests.swift in Sources */,
			);
			runOnlyForDeploymentPostprocessing = 0;
		};
		AE6E16302136B89900991A5E /* Sources */ = {
			isa = PBXSourcesBuildPhase;
			buildActionMask = 2147483647;
			files = (
				AE6E16392136B89900991A5E /* JenkTest2018UITests.swift in Sources */,
			);
			runOnlyForDeploymentPostprocessing = 0;
		};
/* End PBXSourcesBuildPhase section */

/* Begin PBXTargetDependency section */
		AE6E162B2136B89900991A5E /* PBXTargetDependency */ = {
			isa = PBXTargetDependency;
			target = AE6E16142136B89700991A5E /* JenkTest2018 */;
			targetProxy = AE6E162A2136B89900991A5E /* PBXContainerItemProxy */;
		};
		AE6E16362136B89900991A5E /* PBXTargetDependency */ = {
			isa = PBXTargetDependency;
			target = AE6E16142136B89700991A5E /* JenkTest2018 */;
			targetProxy = AE6E16352136B89900991A5E /* PBXContainerItemProxy */;
		};
/* End PBXTargetDependency section */

/* Begin PBXVariantGroup section */
		AE6E161C2136B89700991A5E /* Main.storyboard */ = {
			isa = PBXVariantGroup;
			children = (
				AE6E161D2136B89700991A5E /* Base */,
			);
			name = Main.storyboard;
			sourceTree = "<group>";
		};
		AE6E16212136B89900991A5E /* LaunchScreen.storyboard */ = {
			isa = PBXVariantGroup;
			children = (
				AE6E16222136B89900991A5E /* Base */,
			);
			name = LaunchScreen.storyboard;
			sourceTree = "<group>";
		};
/* End PBXVariantGroup section */

/* Begin XCBuildConfiguration section */
		AE6E163B2136B89900991A5E /* Debug */ = {
			isa = XCBuildConfiguration;
			buildSettings = {
				ALWAYS_SEARCH_USER_PATHS = NO;
				CLANG_ANALYZER_NONNULL = YES;
				CLANG_ANALYZER_NUMBER_OBJECT_CONVERSION = YES_AGGRESSIVE;
				CLANG_CXX_LANGUAGE_STANDARD = "gnu++14";
				CLANG_CXX_LIBRARY = "libc++";
				CLANG_ENABLE_MODULES = YES;
				CLANG_ENABLE_OBJC_ARC = YES;
				CLANG_ENABLE_OBJC_WEAK = YES;
				CLANG_WARN_BLOCK_CAPTURE_AUTORELEASING = YES;
				CLANG_WARN_BOOL_CONVERSION = YES;
				CLANG_WARN_COMMA = YES;
				CLANG_WARN_CONSTANT_CONVERSION = YES;
				CLANG_WARN_DEPRECATED_OBJC_IMPLEMENTATIONS = YES;
				CLANG_WARN_DIRECT_OBJC_ISA_USAGE = YES_ERROR;
				CLANG_WARN_DOCUMENTATION_COMMENTS = YES;
				CLANG_WARN_EMPTY_BODY = YES;
				CLANG_WARN_ENUM_CONVERSION = YES;
				CLANG_WARN_INFINITE_RECURSION = YES;
				CLANG_WARN_INT_CONVERSION = YES;
				CLANG_WARN_NON_LITERAL_NULL_CONVERSION = YES;
				CLANG_WARN_OBJC_IMPLICIT_RETAIN_SELF = YES;
				CLANG_WARN_OBJC_LITERAL_CONVERSION = YES;
				CLANG_WARN_OBJC_ROOT_CLASS = YES_ERROR;
				CLANG_WARN_RANGE_LOOP_ANALYSIS = YES;
				CLANG_WARN_STRICT_PROTOTYPES = YES;
				CLANG_WARN_SUSPICIOUS_MOVE = YES;
				CLANG_WARN_UNGUARDED_AVAILABILITY = YES_AGGRESSIVE;
				CLANG_WARN_UNREACHABLE_CODE = YES;
				CLANG_WARN__DUPLICATE_METHOD_MATCH = YES;
				CODE_SIGN_IDENTITY = "iPhone Developer";
				COPY_PHASE_STRIP = NO;
				DEBUG_INFORMATION_FORMAT = dwarf;
				ENABLE_STRICT_OBJC_MSGSEND = YES;
				ENABLE_TESTABILITY = YES;
				GCC_C_LANGUAGE_STANDARD = gnu11;
				GCC_DYNAMIC_NO_PIC = NO;
				GCC_NO_COMMON_BLOCKS = YES;
				GCC_OPTIMIZATION_LEVEL = 0;
				GCC_PREPROCESSOR_DEFINITIONS = (
					"DEBUG=1",
					"$(inherited)",
				);
				GCC_WARN_64_TO_32_BIT_CONVERSION = YES;
				GCC_WARN_ABOUT_RETURN_TYPE = YES_ERROR;
				GCC_WARN_UNDECLARED_SELECTOR = YES;
				GCC_WARN_UNINITIALIZED_AUTOS = YES_AGGRESSIVE;
				GCC_WARN_UNUSED_FUNCTION = YES;
				GCC_WARN_UNUSED_VARIABLE = YES;
				IPHONEOS_DEPLOYMENT_TARGET = 11.4;
				MTL_ENABLE_DEBUG_INFO = YES;
				ONLY_ACTIVE_ARCH = YES;
				SDKROOT = iphoneos;
				SWIFT_ACTIVE_COMPILATION_CONDITIONS = DEBUG;
				SWIFT_OPTIMIZATION_LEVEL = "-Onone";
			};
			name = Debug;
		};
		AE6E163C2136B89900991A5E /* Release */ = {
			isa = XCBuildConfiguration;
			buildSettings = {
				ALWAYS_SEARCH_USER_PATHS = NO;
				CLANG_ANALYZER_NONNULL = YES;
				CLANG_ANALYZER_NUMBER_OBJECT_CONVERSION = YES_AGGRESSIVE;
				CLANG_CXX_LANGUAGE_STANDARD = "gnu++14";
				CLANG_CXX_LIBRARY = "libc++";
				CLANG_ENABLE_MODULES = YES;
				CLANG_ENABLE_OBJC_ARC = YES;
				CLANG_ENABLE_OBJC_WEAK = YES;
				CLANG_WARN_BLOCK_CAPTURE_AUTORELEASING = YES;
				CLANG_WARN_BOOL_CONVERSION = YES;
				CLANG_WARN_COMMA = YES;
				CLANG_WARN_CONSTANT_CONVERSION = YES;
				CLANG_WARN_DEPRECATED_OBJC_IMPLEMENTATIONS = YES;
				CLANG_WARN_DIRECT_OBJC_ISA_USAGE = YES_ERROR;
				CLANG_WARN_DOCUMENTATION_COMMENTS = YES;
				CLANG_WARN_EMPTY_BODY = YES;
				CLANG_WARN_ENUM_CONVERSION = YES;
				CLANG_WARN_INFINITE_RECURSION = YES;
				CLANG_WARN_INT_CONVERSION = YES;
				CLANG_WARN_NON_LITERAL_NULL_CONVERSION = YES;
				CLANG_WARN_OBJC_IMPLICIT_RETAIN_SELF = YES;
				CLANG_WARN_OBJC_LITERAL_CONVERSION = YES;
				CLANG_WARN_OBJC_ROOT_CLASS = YES_ERROR;
				CLANG_WARN_RANGE_LOOP_ANALYSIS = YES;
				CLANG_WARN_STRICT_PROTOTYPES = YES;
				CLANG_WARN_SUSPICIOUS_MOVE = YES;
				CLANG_WARN_UNGUARDED_AVAILABILITY = YES_AGGRESSIVE;
				CLANG_WARN_UNREACHABLE_CODE = YES;
				CLANG_WARN__DUPLICATE_METHOD_MATCH = YES;
				CODE_SIGN_IDENTITY = "iPhone Developer";
				COPY_PHASE_STRIP = NO;
				DEBUG_INFORMATION_FORMAT = "dwarf-with-dsym";
				ENABLE_NS_ASSERTIONS = NO;
				ENABLE_STRICT_OBJC_MSGSEND = YES;
				GCC_C_LANGUAGE_STANDARD = gnu11;
				GCC_NO_COMMON_BLOCKS = YES;
				GCC_WARN_64_TO_32_BIT_CONVERSION = YES;
				GCC_WARN_ABOUT_RETURN_TYPE = YES_ERROR;
				GCC_WARN_UNDECLARED_SELECTOR = YES;
				GCC_WARN_UNINITIALIZED_AUTOS = YES_AGGRESSIVE;
				GCC_WARN_UNUSED_FUNCTION = YES;
				GCC_WARN_UNUSED_VARIABLE = YES;
				IPHONEOS_DEPLOYMENT_TARGET = 11.4;
				MTL_ENABLE_DEBUG_INFO = NO;
				SDKROOT = iphoneos;
				SWIFT_COMPILATION_MODE = wholemodule;
				SWIFT_OPTIMIZATION_LEVEL = "-O";
				VALIDATE_PRODUCT = YES;
			};
			name = Release;
		};
		AE6E163E2136B89900991A5E /* Debug */ = {
			isa = XCBuildConfiguration;
			buildSettings = {
				ASSETCATALOG_COMPILER_APPICON_NAME = AppIcon;
				CODE_SIGN_STYLE = Automatic;
				INFOPLIST_FILE = JenkTest2018/Info.plist;
				LD_RUNPATH_SEARCH_PATHS = (
					"$(inherited)",
					"@executable_path/Frameworks",
				);
				PRODUCT_BUNDLE_IDENTIFIER = com.Yi.JenkTest2018;
				PRODUCT_NAME = "$(TARGET_NAME)";
				SWIFT_VERSION = 4.0;
				TARGETED_DEVICE_FAMILY = "1,2";
			};
			name = Debug;
		};
		AE6E163F2136B89900991A5E /* Release */ = {
			isa = XCBuildConfiguration;
			buildSettings = {
				ASSETCATALOG_COMPILER_APPICON_NAME = AppIcon;
				CODE_SIGN_STYLE = Automatic;
				INFOPLIST_FILE = JenkTest2018/Info.plist;
				LD_RUNPATH_SEARCH_PATHS = (
					"$(inherited)",
					"@executable_path/Frameworks",
				);
				PRODUCT_BUNDLE_IDENTIFIER = com.Yi.JenkTest2018;
				PRODUCT_NAME = "$(TARGET_NAME)";
				SWIFT_VERSION = 4.0;
				TARGETED_DEVICE_FAMILY = "1,2";
			};
			name = Release;
		};
		AE6E16412136B89900991A5E /* Debug */ = {
			isa = XCBuildConfiguration;
			buildSettings = {
				ALWAYS_EMBED_SWIFT_STANDARD_LIBRARIES = YES;
				BUNDLE_LOADER = "$(TEST_HOST)";
				CODE_SIGN_STYLE = Automatic;
				INFOPLIST_FILE = JenkTest2018Tests/Info.plist;
				LD_RUNPATH_SEARCH_PATHS = (
					"$(inherited)",
					"@executable_path/Frameworks",
					"@loader_path/Frameworks",
				);
				PRODUCT_BUNDLE_IDENTIFIER = com.Yi.JenkTest2018Tests;
				PRODUCT_NAME = "$(TARGET_NAME)";
				SWIFT_VERSION = 4.0;
				TARGETED_DEVICE_FAMILY = "1,2";
				TEST_HOST = "$(BUILT_PRODUCTS_DIR)/JenkTest2018.app/JenkTest2018";
			};
			name = Debug;
		};
		AE6E16422136B89900991A5E /* Release */ = {
			isa = XCBuildConfiguration;
			buildSettings = {
				ALWAYS_EMBED_SWIFT_STANDARD_LIBRARIES = YES;
				BUNDLE_LOADER = "$(TEST_HOST)";
				CODE_SIGN_STYLE = Automatic;
				INFOPLIST_FILE = JenkTest2018Tests/Info.plist;
				LD_RUNPATH_SEARCH_PATHS = (
					"$(inherited)",
					"@executable_path/Frameworks",
					"@loader_path/Frameworks",
				);
				PRODUCT_BUNDLE_IDENTIFIER = com.Yi.JenkTest2018Tests;
				PRODUCT_NAME = "$(TARGET_NAME)";
				SWIFT_VERSION = 4.0;
				TARGETED_DEVICE_FAMILY = "1,2";
				TEST_HOST = "$(BUILT_PRODUCTS_DIR)/JenkTest2018.app/JenkTest2018";
			};
			name = Release;
		};
		AE6E16442136B89900991A5E /* Debug */ = {
			isa = XCBuildConfiguration;
			buildSettings = {
				ALWAYS_EMBED_SWIFT_STANDARD_LIBRARIES = YES;
				CODE_SIGN_STYLE = Automatic;
				INFOPLIST_FILE = JenkTest2018UITests/Info.plist;
				LD_RUNPATH_SEARCH_PATHS = (
					"$(inherited)",
					"@executable_path/Frameworks",
					"@loader_path/Frameworks",
				);
				PRODUCT_BUNDLE_IDENTIFIER = com.Yi.JenkTest2018UITests;
				PRODUCT_NAME = "$(TARGET_NAME)";
				SWIFT_VERSION = 4.0;
				TARGETED_DEVICE_FAMILY = "1,2";
				TEST_TARGET_NAME = JenkTest2018;
			};
			name = Debug;
		};
		AE6E16452136B89900991A5E /* Release */ = {
			isa = XCBuildConfiguration;
			buildSettings = {
				ALWAYS_EMBED_SWIFT_STANDARD_LIBRARIES = YES;
				CODE_SIGN_STYLE = Automatic;
				INFOPLIST_FILE = JenkTest2018UITests/Info.plist;
				LD_RUNPATH_SEARCH_PATHS = (
					"$(inherited)",
					"@executable_path/Frameworks",
					"@loader_path/Frameworks",
				);
				PRODUCT_BUNDLE_IDENTIFIER = com.Yi.JenkTest2018UITests;
				PRODUCT_NAME = "$(TARGET_NAME)";
				SWIFT_VERSION = 4.0;
				TARGETED_DEVICE_FAMILY = "1,2";
				TEST_TARGET_NAME = JenkTest2018;
			};
			name = Release;
		};
/* End XCBuildConfiguration section */

/* Begin XCConfigurationList section */
		AE6E16102136B89600991A5E /* Build configuration list for PBXProject "JenkTest2018" */ = {
			isa = XCConfigurationList;
			buildConfigurations = (
				AE6E163B2136B89900991A5E /* Debug */,
				AE6E163C2136B89900991A5E /* Release */,
			);
			defaultConfigurationIsVisible = 0;
			defaultConfigurationName = Release;
		};
		AE6E163D2136B89900991A5E /* Build configuration list for PBXNativeTarget "JenkTest2018" */ = {
			isa = XCConfigurationList;
			buildConfigurations = (
				AE6E163E2136B89900991A5E /* Debug */,
				AE6E163F2136B89900991A5E /* Release */,
			);
			defaultConfigurationIsVisible = 0;
			defaultConfigurationName = Release;
		};
		AE6E16402136B89900991A5E /* Build configuration list for PBXNativeTarget "JenkTest2018Tests" */ = {
			isa = XCConfigurationList;
			buildConfigurations = (
				AE6E16412136B89900991A5E /* Debug */,
				AE6E16422136B89900991A5E /* Release */,
			);
			defaultConfigurationIsVisible = 0;
			defaultConfigurationName = Release;
		};
		AE6E16432136B89900991A5E /* Build configuration list for PBXNativeTarget "JenkTest2018UITests" */ = {
			isa = XCConfigurationList;
			buildConfigurations = (
				AE6E16442136B89900991A5E /* Debug */,
				AE6E16452136B89900991A5E /* Release */,
			);
			defaultConfigurationIsVisible = 0;
			defaultConfigurationName = Release;
		};
/* End XCConfigurationList section */
	};
	rootObject = AE6E160D2136B89600991A5E /* Project object */;
}
